
Microsoft Visual Studio Solution File, Format Version 12.00
# Visual Studio 2013
VisualStudioVersion = 12.0.40629.0
MinimumVisualStudioVersion = 10.0.40219.1
Project("{FAE04EC0-301F-11D3-BF4B-00C04F79EFBC}") = "TokenAuthentication.Data", "TokenAuthentication.Data\TokenAuthentication.Data.csproj", "{CE433637-1F8E-426A-8D5C-872DD3BE7E67}"
EndProject
Project("{FAE04EC0-301F-11D3-BF4B-00C04F79EFBC}") = "TokenBasedAuthentication", "TokenBasedAuthentication\TokenBasedAuthentication.csproj", "{2844C9BA-42CB-4EB6-B4A0-B27458704BB1}"
EndProject
Project("{FAE04EC0-301F-11D3-BF4B-00C04F79EFBC}") = "TokenIdentification.Client", "TokenIdentification.Client\TokenIdentification.Client.csproj", "{537CA416-7BFA-48FE-BC70-D8ADC43F9CDF}"
EndProject
Global
	GlobalSection(SolutionConfigurationPlatforms) = preSolution
		Debug|Any CPU = Debug|Any CPU
		Release|Any CPU = Release|Any CPU
	EndGlobalSection
	GlobalSection(ProjectConfigurationPlatforms) = postSolution
		{CE433637-1F8E-426A-8D5C-872DD3BE7E67}.Debug|Any CPU.ActiveCfg = Debug|Any CPU
		{CE433637-1F8E-426A-8D5C-872DD3BE7E67}.Debug|Any CPU.Build.0 = Debug|Any CPU
		{CE433637-1F8E-426A-8D5C-872DD3BE7E67}.Release|Any CPU.ActiveCfg = Release|Any CPU
		{CE433637-1F8E-426A-8D5C-872DD3BE7E67}.Release|Any CPU.Build.0 = Release|Any CPU
		{2844C9BA-42CB-4EB6-B4A0-B27458704BB1}.Debug|Any CPU.ActiveCfg = Debug|Any CPU
		{2844C9BA-42CB-4EB6-B4A0-B27458704BB1}.Debug|Any CPU.Build.0 = Debug|Any CPU
		{2844C9BA-42CB-4EB6-B4A0-B27458704BB1}.Release|Any CPU.ActiveCfg = Release|Any CPU
		{2844C9BA-42CB-4EB6-B4A0-B27458704BB1}.Release|Any CPU.Build.0 = Release|Any CPU
		{537CA416-7BFA-48FE-BC70-D8ADC43F9CDF}.Debug|Any CPU.ActiveCfg = Debug|Any CPU
		{537CA416-7BFA-48FE-BC70-D8ADC43F9CDF}.Debug|Any CPU.Build.0 = Debug|Any CPU
		{537CA416-7BFA-48FE-BC70-D8ADC43F9CDF}.Release|Any CPU.ActiveCfg = Release|Any CPU
		{537CA416-7BFA-48FE-BC70-D8ADC43F9CDF}.Release|Any CPU.Build.0 = Release|Any CPU
	EndGlobalSection
	GlobalSection(SolutionProperties) = preSolution
		HideSolutionNode = FALSE
	EndGlobalSection
EndGlobal
